{
  "name": "js_tutorial",
  "lockfileVersion": 2,
  "requires": true,
  "packages": {
    "": {
      "dependencies": {
        "ozemmouri-palindrome": "^0.1.0"
      }
    },
    "node_modules/ozemmouri-palindrome": {
      "version": "0.1.0",
      "resolved": "https://registry.npmjs.org/ozemmouri-palindrome/-/ozemmouri-palindrome-0.1.0.tgz",
      "integrity": "sha512-mBMbLSYpVxtFzxSObojJPqdwtObWGyw6QiNL7qX3ZQEdYhRRjINcgA+ZVPdklBWUr8t7yHAiAnnQXcfBEjszRg=="
    }
  },
  "dependencies": {
    "ozemmouri-palindrome": {
      "version": "0.1.0",
      "resolved": "https://registry.npmjs.org/ozemmouri-palindrome/-/ozemmouri-palindrome-0.1.0.tgz",
      "integrity": "sha512-mBMbLSYpVxtFzxSObojJPqdwtObWGyw6QiNL7qX3ZQEdYhRRjINcgA+ZVPdklBWUr8t7yHAiAnnQXcfBEjszRg=="
    }
  }
}
